# This file is automatically @generated by Cargo.
# It is not intended for manual editing.
version = 4

[[package]]
name = "seaki-core"
version = "0.1.0"

[[package]]
name = "seaki-daemon"
version = "0.1.0"

[[package]]
name = "seaki-index"
version = "0.1.0"

[[package]]
name = "seaki-policy"
version = "0.1.0"

[[package]]
name = "seaki-sandbox"
version = "0.1.0"

[[package]]
name = "seaki-wiki"
version = "0.1.0"
